{
  "name": "@webboot/keys",
  "version": "0.0.1-alpha.0",
  "lockfileVersion": 1,
  "requires": true,
  "dependencies": {
    "@magic/cases": {
      "version": "0.0.2",
      "resolved": "https://registry.npmjs.org/@magic/cases/-/cases-0.0.2.tgz",
      "integrity": "sha512-Llq+dV01hkzRi8FfnZg8lBIZN6RDkSMI7nlH+Wh/bjPUKOqyds/s8YyY2R0+9GAKzS7sIkhjWXBplaH2lZAfrQ==",
      "dev": true
    },
    "@magic/cli": {
      "version": "0.0.16",
      "resolved": "https://registry.npmjs.org/@magic/cli/-/cli-0.0.16.tgz",
      "integrity": "sha512-W/AbMVSwZy2y1uthxoWxMOtEHpiCMPaCCSKQo1SaoFdzBKq50iM4ocSyXVOifxYUztVHpwCi3k6IapVaQmWwEA==",
      "dev": true,
      "requires": {
        "@magic/cases": "0.0.2",
        "@magic/log": "0.1.3",
        "@magic/types": "0.1.7"
      }
    },
    "@magic/deep": {
      "version": "0.1.2",
      "resolved": "https://registry.npmjs.org/@magic/deep/-/deep-0.1.2.tgz",
      "integrity": "sha512-k41LYCC5oTkZztyh/Ewtf2c7Sph5Rl1iv8L+h7Fgog5Ve7FZFF7kExPDk+m/Za6Ev93FqpwlJ4YqrL5y3XUDFg==",
      "dev": true,
      "requires": {
        "@magic/types": "0.1.7"
      }
    },
    "@magic/format": {
      "version": "0.0.7",
      "resolved": "https://registry.npmjs.org/@magic/format/-/format-0.0.7.tgz",
      "integrity": "sha512-UEP4Q8BKjVdN3NYRK50+NGlr0mB2QvHScIlN33i9TTLQzLmmG65UyzByWlICTvvR/lalOzjIn1viedNWih6GpA==",
      "dev": true,
      "requires": {
        "@magic/cli": "0.0.16",
        "@magic/deep": "0.1.2",
        "@magic/fs": "0.0.2",
        "@magic/log": "0.1.3",
        "@magic/types": "0.1.7",
        "prettier": "1.19.1"
      }
    },
    "@magic/fs": {
      "version": "0.0.2",
      "resolved": "https://registry.npmjs.org/@magic/fs/-/fs-0.0.2.tgz",
      "integrity": "sha512-tI4BYyG1qyV3vOpjCDmVe5/DOzefjleTSjbhJWaSA9Qlq4fJ12EGh93pOHMmZpEHJgzgmP3MDEhVF4PD+w28Gg==",
      "dev": true,
      "requires": {
        "@magic/deep": "0.1.2",
        "@magic/types": "0.1.7"
      }
    },
    "@magic/log": {
      "version": "0.1.3",
      "resolved": "https://registry.npmjs.org/@magic/log/-/log-0.1.3.tgz",
      "integrity": "sha512-bznU3AFIlNLlSk5HL+uOoJhIGgL2cabyH6lRGRydT+qf2ovCDQueJDPjUhAiMa13Mx7gIy13q2tRCspTbCrKJw==",
      "dev": true,
      "requires": {
        "@magic/types": "0.1.7"
      }
    },
    "@magic/types": {
      "version": "0.1.7",
      "resolved": "https://registry.npmjs.org/@magic/types/-/types-0.1.7.tgz",
      "integrity": "sha512-FTDPXIad3aCUHocKOQdxfzAOXp1tifhmZWYsAuneE2N/p7pXUxbj+jfrl7RUZQ1wIIB7/qnGeBsEwZtpNCm+Fw==",
      "dev": true
    },
    "prettier": {
      "version": "1.19.1",
      "resolved": "https://registry.npmjs.org/prettier/-/prettier-1.19.1.tgz",
      "integrity": "sha512-s7PoyDv/II1ObgQunCbB9PdLmUcBZcnWOcxDh7O0N/UwDEsHyqkW+Qh28jW+mVuCdx7gLB0BotYI1Y6uI9iyew==",
      "dev": true
    }
  }
}
